// !$*UTF8*$!
{
	archiveVersion = 1;
	classes = {
	};
	objectVersion = 55;
	objects = {

/* Begin PBXBuildFile section */
		A1071A7327EE554C00DD124D /* Results.xcdatamodeld in Sources */ = {isa = PBXBuildFile; fileRef = A1071A7127EE554C00DD124D /* Results.xcdatamodeld */; };
		A1071A7627EE55F800DD124D /* PersistanceManager.swift in Sources */ = {isa = PBXBuildFile; fileRef = A1071A7527EE55F800DD124D /* PersistanceManager.swift */; };
		A1071A7827EE5EEC00DD124D /* ResultsViewModel.swift in Sources */ = {isa = PBXBuildFile; fileRef = A1071A7727EE5EEC00DD124D /* ResultsViewModel.swift */; };
		A1071A7D27EE626400DD124D /* HomeView.swift in Sources */ = {isa = PBXBuildFile; fileRef = A1071A7C27EE626400DD124D /* HomeView.swift */; };
		A1071A7F27EE6DA200DD124D /* GoBackButtonView.swift in Sources */ = {isa = PBXBuildFile; fileRef = A1071A7E27EE6DA200DD124D /* GoBackButtonView.swift */; };
		A109F9BA27E539EE004DE4AA /* DataRectangleView.swift in Sources */ = {isa = PBXBuildFile; fileRef = A109F9B927E539EE004DE4AA /* DataRectangleView.swift */; };
		A126D99427F47195008DD0A5 /* StatisticView.swift in Sources */ = {isa = PBXBuildFile; fileRef = A126D99327F47195008DD0A5 /* StatisticView.swift */; };
		A126D99627F471B4008DD0A5 /* StatisticViewModel.swift in Sources */ = {isa = PBXBuildFile; fileRef = A126D99527F471B4008DD0A5 /* StatisticViewModel.swift */; };
		A159B36227EBA53700369947 /* BackgroundView.swift in Sources */ = {isa = PBXBuildFile; fileRef = A159B36127EBA53700369947 /* BackgroundView.swift */; };
		A159B36427EBAA5500369947 /* TestResult.swift in Sources */ = {isa = PBXBuildFile; fileRef = A159B36327EBAA5500369947 /* TestResult.swift */; };
		A159B36627EBAC3400369947 /* ResultsView.swift in Sources */ = {isa = PBXBuildFile; fileRef = A159B36527EBAC3400369947 /* ResultsView.swift */; };
		A159B36827EBAE0100369947 /* DataRectangleViewPadded.swift in Sources */ = {isa = PBXBuildFile; fileRef = A159B36727EBAE0100369947 /* DataRectangleViewPadded.swift */; };
		A159B36C27EBD62900369947 /* ExtensionsTests.swift in Sources */ = {isa = PBXBuildFile; fileRef = A159B36B27EBD62900369947 /* ExtensionsTests.swift */; };
		A15C207E27EA5ADC000528B3 /* SettingView.swift in Sources */ = {isa = PBXBuildFile; fileRef = A15C207D27EA5ADC000528B3 /* SettingView.swift */; };
		A15C208027EA5D47000528B3 /* ButtonView.swift in Sources */ = {isa = PBXBuildFile; fileRef = A15C207F27EA5D47000528B3 /* ButtonView.swift */; };
		A16D4F7F27E26BAC004BEDCE /* WordsyApp.swift in Sources */ = {isa = PBXBuildFile; fileRef = A16D4F7E27E26BAC004BEDCE /* WordsyApp.swift */; };
		A16D4F8127E26BAC004BEDCE /* WordView.swift in Sources */ = {isa = PBXBuildFile; fileRef = A16D4F8027E26BAC004BEDCE /* WordView.swift */; };
		A16D4F8327E26BAE004BEDCE /* Assets.xcassets in Resources */ = {isa = PBXBuildFile; fileRef = A16D4F8227E26BAE004BEDCE /* Assets.xcassets */; };
		A16D4F8627E26BAE004BEDCE /* Preview Assets.xcassets in Resources */ = {isa = PBXBuildFile; fileRef = A16D4F8527E26BAE004BEDCE /* Preview Assets.xcassets */; };
		A16D4FAD27E26C15004BEDCE /* WordManager.swift in Sources */ = {isa = PBXBuildFile; fileRef = A16D4FAC27E26C15004BEDCE /* WordManager.swift */; };
		A16D4FB027E26C26004BEDCE /* Word.swift in Sources */ = {isa = PBXBuildFile; fileRef = A16D4FAF27E26C26004BEDCE /* Word.swift */; };
		A16D4FB327E27D58004BEDCE /* WordViewModel.swift in Sources */ = {isa = PBXBuildFile; fileRef = A16D4FB227E27D58004BEDCE /* WordViewModel.swift */; };
		A16D4FB627E28044004BEDCE /* WordViewModelTest.swift in Sources */ = {isa = PBXBuildFile; fileRef = A16D4FB527E28044004BEDCE /* WordViewModelTest.swift */; };
		A1ABE04D27E905000049EC6C /* ScoreManger.swift in Sources */ = {isa = PBXBuildFile; fileRef = A1ABE04C27E905000049EC6C /* ScoreManger.swift */; };
		A1ABE04F27E905BD0049EC6C /* ScoreManagerTests.swift in Sources */ = {isa = PBXBuildFile; fileRef = A1ABE04E27E905BD0049EC6C /* ScoreManagerTests.swift */; };
		A1BD467627ED114B00AB7D59 /* Enums.swift in Sources */ = {isa = PBXBuildFile; fileRef = A1BD467527ED114B00AB7D59 /* Enums.swift */; };
		A1C7AA5227E3CADB009380BC /* SecondsView.swift in Sources */ = {isa = PBXBuildFile; fileRef = A1C7AA5127E3CADB009380BC /* SecondsView.swift */; };
		A1E9E03527E78F8B00CBDD6E /* Extensions.swift in Sources */ = {isa = PBXBuildFile; fileRef = A1E9E03427E78F8B00CBDD6E /* Extensions.swift */; };
		A1F1E31C27E7BE43005D6144 /* WordManagerTest.swift in Sources */ = {isa = PBXBuildFile; fileRef = A16D4F9027E26BAE004BEDCE /* WordManagerTest.swift */; };
		A1F1E31E27E7C657005D6144 /* TimerManager.swift in Sources */ = {isa = PBXBuildFile; fileRef = A1F1E31D27E7C657005D6144 /* TimerManager.swift */; };
		A1F1E32027E7C7F6005D6144 /* TimerManagerTests.swift in Sources */ = {isa = PBXBuildFile; fileRef = A1F1E31F27E7C7F6005D6144 /* TimerManagerTests.swift */; };
/* End PBXBuildFile section */

/* Begin PBXContainerItemProxy section */
		A16D4F8D27E26BAE004BEDCE /* PBXContainerItemProxy */ = {
			isa = PBXContainerItemProxy;
			containerPortal = A16D4F7327E26BAC004BEDCE /* Project object */;
			proxyType = 1;
			remoteGlobalIDString = A16D4F7A27E26BAC004BEDCE;
			remoteInfo = Wordsy;
		};
/* End PBXContainerItemProxy section */

/* Begin PBXFileReference section */
		A1071A7227EE554C00DD124D /* Results.xcdatamodel */ = {isa = PBXFileReference; lastKnownFileType = wrapper.xcdatamodel; path = Results.xcdatamodel; sourceTree = "<group>"; };
		A1071A7527EE55F800DD124D /* PersistanceManager.swift */ = {isa = PBXFileReference; lastKnownFileType = sourcecode.swift; path = PersistanceManager.swift; sourceTree = "<group>"; };
		A1071A7727EE5EEC00DD124D /* ResultsViewModel.swift */ = {isa = PBXFileReference; lastKnownFileType = sourcecode.swift; path = ResultsViewModel.swift; sourceTree = "<group>"; };
		A1071A7C27EE626400DD124D /* HomeView.swift */ = {isa = PBXFileReference; lastKnownFileType = sourcecode.swift; path = HomeView.swift; sourceTree = "<group>"; };
		A1071A7E27EE6DA200DD124D /* GoBackButtonView.swift */ = {isa = PBXFileReference; lastKnownFileType = sourcecode.swift; path = GoBackButtonView.swift; sourceTree = "<group>"; };
		A109F9B927E539EE004DE4AA /* DataRectangleView.swift */ = {isa = PBXFileReference; lastKnownFileType = sourcecode.swift; path = DataRectangleView.swift; sourceTree = "<group>"; };
		A126D99327F47195008DD0A5 /* StatisticView.swift */ = {isa = PBXFileReference; lastKnownFileType = sourcecode.swift; path = StatisticView.swift; sourceTree = "<group>"; };
		A126D99527F471B4008DD0A5 /* StatisticViewModel.swift */ = {isa = PBXFileReference; lastKnownFileType = sourcecode.swift; path = StatisticViewModel.swift; sourceTree = "<group>"; };
		A159B36127EBA53700369947 /* BackgroundView.swift */ = {isa = PBXFileReference; lastKnownFileType = sourcecode.swift; path = BackgroundView.swift; sourceTree = "<group>"; };
		A159B36327EBAA5500369947 /* TestResult.swift */ = {isa = PBXFileReference; lastKnownFileType = sourcecode.swift; path = TestResult.swift; sourceTree = "<group>"; };
		A159B36527EBAC3400369947 /* ResultsView.swift */ = {isa = PBXFileReference; lastKnownFileType = sourcecode.swift; path = ResultsView.swift; sourceTree = "<group>"; };
		A159B36727EBAE0100369947 /* DataRectangleViewPadded.swift */ = {isa = PBXFileReference; lastKnownFileType = sourcecode.swift; path = DataRectangleViewPadded.swift; sourceTree = "<group>"; };
		A159B36B27EBD62900369947 /* ExtensionsTests.swift */ = {isa = PBXFileReference; lastKnownFileType = sourcecode.swift; path = ExtensionsTests.swift; sourceTree = "<group>"; };
		A15C207D27EA5ADC000528B3 /* SettingView.swift */ = {isa = PBXFileReference; lastKnownFileType = sourcecode.swift; path = SettingView.swift; sourceTree = "<group>"; };
		A15C207F27EA5D47000528B3 /* ButtonView.swift */ = {isa = PBXFileReference; lastKnownFileType = sourcecode.swift; path = ButtonView.swift; sourceTree = "<group>"; };
		A16D4F7B27E26BAC004BEDCE /* Wordsy.app */ = {isa = PBXFileReference; explicitFileType = wrapper.application; includeInIndex = 0; path = Wordsy.app; sourceTree = BUILT_PRODUCTS_DIR; };
		A16D4F7E27E26BAC004BEDCE /* WordsyApp.swift */ = {isa = PBXFileReference; lastKnownFileType = sourcecode.swift; path = WordsyApp.swift; sourceTree = "<group>"; };
		A16D4F8027E26BAC004BEDCE /* WordView.swift */ = {isa = PBXFileReference; lastKnownFileType = sourcecode.swift; path = WordView.swift; sourceTree = "<group>"; };
		A16D4F8227E26BAE004BEDCE /* Assets.xcassets */ = {isa = PBXFileReference; lastKnownFileType = folder.assetcatalog; path = Assets.xcassets; sourceTree = "<group>"; };
		A16D4F8527E26BAE004BEDCE /* Preview Assets.xcassets */ = {isa = PBXFileReference; lastKnownFileType = folder.assetcatalog; path = "Preview Assets.xcassets"; sourceTree = "<group>"; };
		A16D4F8727E26BAE004BEDCE /* Wordsy.entitlements */ = {isa = PBXFileReference; lastKnownFileType = text.plist.entitlements; path = Wordsy.entitlements; sourceTree = "<group>"; };
		A16D4F8C27E26BAE004BEDCE /* WordsyTests.xctest */ = {isa = PBXFileReference; explicitFileType = wrapper.cfbundle; includeInIndex = 0; path = WordsyTests.xctest; sourceTree = BUILT_PRODUCTS_DIR; };
		A16D4F9027E26BAE004BEDCE /* WordManagerTest.swift */ = {isa = PBXFileReference; lastKnownFileType = sourcecode.swift; path = WordManagerTest.swift; sourceTree = "<group>"; };
		A16D4FAC27E26C15004BEDCE /* WordManager.swift */ = {isa = PBXFileReference; lastKnownFileType = sourcecode.swift; path = WordManager.swift; sourceTree = "<group>"; };
		A16D4FAF27E26C26004BEDCE /* Word.swift */ = {isa = PBXFileReference; lastKnownFileType = sourcecode.swift; path = Word.swift; sourceTree = "<group>"; };
		A16D4FB227E27D58004BEDCE /* WordViewModel.swift */ = {isa = PBXFileReference; lastKnownFileType = sourcecode.swift; path = WordViewModel.swift; sourceTree = "<group>"; };
		A16D4FB527E28044004BEDCE /* WordViewModelTest.swift */ = {isa = PBXFileReference; lastKnownFileType = sourcecode.swift; path = WordViewModelTest.swift; sourceTree = "<group>"; };
		A1ABE04C27E905000049EC6C /* ScoreManger.swift */ = {isa = PBXFileReference; lastKnownFileType = sourcecode.swift; path = ScoreManger.swift; sourceTree = "<group>"; };
		A1ABE04E27E905BD0049EC6C /* ScoreManagerTests.swift */ = {isa = PBXFileReference; lastKnownFileType = sourcecode.swift; path = ScoreManagerTests.swift; sourceTree = "<group>"; };
		A1BD467527ED114B00AB7D59 /* Enums.swift */ = {isa = PBXFileReference; lastKnownFileType = sourcecode.swift; path = Enums.swift; sourceTree = "<group>"; };
		A1C7AA5127E3CADB009380BC /* SecondsView.swift */ = {isa = PBXFileReference; lastKnownFileType = sourcecode.swift; path = SecondsView.swift; sourceTree = "<group>"; };
		A1E9E03427E78F8B00CBDD6E /* Extensions.swift */ = {isa = PBXFileReference; lastKnownFileType = sourcecode.swift; path = Extensions.swift; sourceTree = "<group>"; };
		A1F1E31D27E7C657005D6144 /* TimerManager.swift */ = {isa = PBXFileReference; lastKnownFileType = sourcecode.swift; path = TimerManager.swift; sourceTree = "<group>"; };
		A1F1E31F27E7C7F6005D6144 /* TimerManagerTests.swift */ = {isa = PBXFileReference; lastKnownFileType = sourcecode.swift; path = TimerManagerTests.swift; sourceTree = "<group>"; };
/* End PBXFileReference section */

/* Begin PBXFrameworksBuildPhase section */
		A16D4F7827E26BAC004BEDCE /* Frameworks */ = {
			isa = PBXFrameworksBuildPhase;
			buildActionMask = 2147483647;
			files = (
			);
			runOnlyForDeploymentPostprocessing = 0;
		};
		A16D4F8927E26BAE004BEDCE /* Frameworks */ = {
			isa = PBXFrameworksBuildPhase;
			buildActionMask = 2147483647;
			files = (
			);
			runOnlyForDeploymentPostprocessing = 0;
		};
/* End PBXFrameworksBuildPhase section */

/* Begin PBXGroup section */
		A1071A7B27EE625600DD124D /* HomeView */ = {
			isa = PBXGroup;
			children = (
				A1071A7C27EE626400DD124D /* HomeView.swift */,
			);
			path = HomeView;
			sourceTree = "<group>";
		};
		A126D99227F47165008DD0A5 /* StatisticsView */ = {
			isa = PBXGroup;
			children = (
				A126D99327F47195008DD0A5 /* StatisticView.swift */,
				A126D99527F471B4008DD0A5 /* StatisticViewModel.swift */,
			);
			path = StatisticsView;
			sourceTree = "<group>";
		};
		A159B36927EBD35C00369947 /* ResultsView */ = {
			isa = PBXGroup;
			children = (
				A159B36527EBAC3400369947 /* ResultsView.swift */,
				A1071A7727EE5EEC00DD124D /* ResultsViewModel.swift */,
			);
			path = ResultsView;
			sourceTree = "<group>";
		};
		A159B36A27EBD37300369947 /* Utilities */ = {
			isa = PBXGroup;
			children = (
				A1E9E03427E78F8B00CBDD6E /* Extensions.swift */,
				A1BD467527ED114B00AB7D59 /* Enums.swift */,
			);
			path = Utilities;
			sourceTree = "<group>";
		};
		A15C207C27EA5AC0000528B3 /* SettingView */ = {
			isa = PBXGroup;
			children = (
				A15C207D27EA5ADC000528B3 /* SettingView.swift */,
			);
			path = SettingView;
			sourceTree = "<group>";
		};
		A16D4F7227E26BAC004BEDCE = {
			isa = PBXGroup;
			children = (
				A16D4F7D27E26BAC004BEDCE /* Wordsy */,
				A1071A7127EE554C00DD124D /* Results.xcdatamodeld */,
				A16D4F8F27E26BAE004BEDCE /* WordsyTests */,
				A16D4F7C27E26BAC004BEDCE /* Products */,
			);
			sourceTree = "<group>";
		};
		A16D4F7C27E26BAC004BEDCE /* Products */ = {
			isa = PBXGroup;
			children = (
				A16D4F7B27E26BAC004BEDCE /* Wordsy.app */,
				A16D4F8C27E26BAE004BEDCE /* WordsyTests.xctest */,
			);
			name = Products;
			sourceTree = "<group>";
		};
		A16D4F7D27E26BAC004BEDCE /* Wordsy */ = {
			isa = PBXGroup;
			children = (
				A16D4F7E27E26BAC004BEDCE /* WordsyApp.swift */,
				A16D4FAB27E26BDA004BEDCE /* Models */,
				A16D4FA927E26BC7004BEDCE /* Screens */,
				A1C7AA4F27E3CA74009380BC /* Views */,
				A16D4FAA27E26BD1004BEDCE /* Managers */,
				A159B36A27EBD37300369947 /* Utilities */,
				A16D4F8227E26BAE004BEDCE /* Assets.xcassets */,
				A16D4F8727E26BAE004BEDCE /* Wordsy.entitlements */,
				A16D4F8427E26BAE004BEDCE /* Preview Content */,
			);
			path = Wordsy;
			sourceTree = "<group>";
		};
		A16D4F8427E26BAE004BEDCE /* Preview Content */ = {
			isa = PBXGroup;
			children = (
				A16D4F8527E26BAE004BEDCE /* Preview Assets.xcassets */,
			);
			path = "Preview Content";
			sourceTree = "<group>";
		};
		A16D4F8F27E26BAE004BEDCE /* WordsyTests */ = {
			isa = PBXGroup;
			children = (
				A16D4F9027E26BAE004BEDCE /* WordManagerTest.swift */,
				A16D4FB527E28044004BEDCE /* WordViewModelTest.swift */,
				A1F1E31F27E7C7F6005D6144 /* TimerManagerTests.swift */,
				A1ABE04E27E905BD0049EC6C /* ScoreManagerTests.swift */,
				A159B36B27EBD62900369947 /* ExtensionsTests.swift */,
			);
			path = WordsyTests;
			sourceTree = "<group>";
		};
		A16D4FA927E26BC7004BEDCE /* Screens */ = {
			isa = PBXGroup;
			children = (
				A1071A7B27EE625600DD124D /* HomeView */,
				A1C7AA5027E3CABD009380BC /* WordView */,
				A15C207C27EA5AC0000528B3 /* SettingView */,
				A159B36927EBD35C00369947 /* ResultsView */,
				A126D99227F47165008DD0A5 /* StatisticsView */,
			);
			path = Screens;
			sourceTree = "<group>";
		};
		A16D4FAA27E26BD1004BEDCE /* Managers */ = {
			isa = PBXGroup;
			children = (
				A16D4FAC27E26C15004BEDCE /* WordManager.swift */,
				A1F1E31D27E7C657005D6144 /* TimerManager.swift */,
				A1ABE04C27E905000049EC6C /* ScoreManger.swift */,
				A1071A7527EE55F800DD124D /* PersistanceManager.swift */,
			);
			path = Managers;
			sourceTree = "<group>";
		};
		A16D4FAB27E26BDA004BEDCE /* Models */ = {
			isa = PBXGroup;
			children = (
				A16D4FAF27E26C26004BEDCE /* Word.swift */,
				A159B36327EBAA5500369947 /* TestResult.swift */,
			);
			path = Models;
			sourceTree = "<group>";
		};
		A1C7AA4F27E3CA74009380BC /* Views */ = {
			isa = PBXGroup;
			children = (
				A1C7AA5127E3CADB009380BC /* SecondsView.swift */,
				A109F9B927E539EE004DE4AA /* DataRectangleView.swift */,
				A15C207F27EA5D47000528B3 /* ButtonView.swift */,
				A159B36127EBA53700369947 /* BackgroundView.swift */,
				A159B36727EBAE0100369947 /* DataRectangleViewPadded.swift */,
				A1071A7E27EE6DA200DD124D /* GoBackButtonView.swift */,
			);
			path = Views;
			sourceTree = "<group>";
		};
		A1C7AA5027E3CABD009380BC /* WordView */ = {
			isa = PBXGroup;
			children = (
				A16D4F8027E26BAC004BEDCE /* WordView.swift */,
				A16D4FB227E27D58004BEDCE /* WordViewModel.swift */,
			);
			path = WordView;
			sourceTree = "<group>";
		};
/* End PBXGroup section */

/* Begin PBXNativeTarget section */
		A16D4F7A27E26BAC004BEDCE /* Wordsy */ = {
			isa = PBXNativeTarget;
			buildConfigurationList = A16D4FA027E26BAE004BEDCE /* Build configuration list for PBXNativeTarget "Wordsy" */;
			buildPhases = (
				A16D4F7727E26BAC004BEDCE /* Sources */,
				A16D4F7827E26BAC004BEDCE /* Frameworks */,
				A16D4F7927E26BAC004BEDCE /* Resources */,
			);
			buildRules = (
			);
			dependencies = (
			);
			name = Wordsy;
			productName = Wordsy;
			productReference = A16D4F7B27E26BAC004BEDCE /* Wordsy.app */;
			productType = "com.apple.product-type.application";
		};
		A16D4F8B27E26BAE004BEDCE /* WordsyTests */ = {
			isa = PBXNativeTarget;
			buildConfigurationList = A16D4FA327E26BAE004BEDCE /* Build configuration list for PBXNativeTarget "WordsyTests" */;
			buildPhases = (
				A16D4F8827E26BAE004BEDCE /* Sources */,
				A16D4F8927E26BAE004BEDCE /* Frameworks */,
				A16D4F8A27E26BAE004BEDCE /* Resources */,
			);
			buildRules = (
			);
			dependencies = (
				A16D4F8E27E26BAE004BEDCE /* PBXTargetDependency */,
			);
			name = WordsyTests;
			productName = WordsyTests;
			productReference = A16D4F8C27E26BAE004BEDCE /* WordsyTests.xctest */;
			productType = "com.apple.product-type.bundle.unit-test";
		};
/* End PBXNativeTarget section */

/* Begin PBXProject section */
		A16D4F7327E26BAC004BEDCE /* Project object */ = {
			isa = PBXProject;
			attributes = {
				BuildIndependentTargetsInParallel = 1;
				LastSwiftUpdateCheck = 1320;
				LastUpgradeCheck = 1320;
				TargetAttributes = {
					A16D4F7A27E26BAC004BEDCE = {
						CreatedOnToolsVersion = 13.2;
					};
					A16D4F8B27E26BAE004BEDCE = {
						CreatedOnToolsVersion = 13.2;
						TestTargetID = A16D4F7A27E26BAC004BEDCE;
					};
				};
			};
			buildConfigurationList = A16D4F7627E26BAC004BEDCE /* Build configuration list for PBXProject "Wordsy" */;
			compatibilityVersion = "Xcode 13.0";
			developmentRegion = en;
			hasScannedForEncodings = 0;
			knownRegions = (
				en,
				Base,
			);
			mainGroup = A16D4F7227E26BAC004BEDCE;
			productRefGroup = A16D4F7C27E26BAC004BEDCE /* Products */;
			projectDirPath = "";
			projectRoot = "";
			targets = (
				A16D4F7A27E26BAC004BEDCE /* Wordsy */,
				A16D4F8B27E26BAE004BEDCE /* WordsyTests */,
			);
		};
/* End PBXProject section */

/* Begin PBXResourcesBuildPhase section */
		A16D4F7927E26BAC004BEDCE /* Resources */ = {
			isa = PBXResourcesBuildPhase;
			buildActionMask = 2147483647;
			files = (
				A16D4F8627E26BAE004BEDCE /* Preview Assets.xcassets in Resources */,
				A16D4F8327E26BAE004BEDCE /* Assets.xcassets in Resources */,
			);
			runOnlyForDeploymentPostprocessing = 0;
		};
		A16D4F8A27E26BAE004BEDCE /* Resources */ = {
			isa = PBXResourcesBuildPhase;
			buildActionMask = 2147483647;
			files = (
			);
			runOnlyForDeploymentPostprocessing = 0;
		};
/* End PBXResourcesBuildPhase section */

/* Begin PBXSourcesBuildPhase section */
		A16D4F7727E26BAC004BEDCE /* Sources */ = {
			isa = PBXSourcesBuildPhase;
			buildActionMask = 2147483647;
			files = (
				A1C7AA5227E3CADB009380BC /* SecondsView.swift in Sources */,
				A109F9BA27E539EE004DE4AA /* DataRectangleView.swift in Sources */,
				A126D99427F47195008DD0A5 /* StatisticView.swift in Sources */,
				A159B36227EBA53700369947 /* BackgroundView.swift in Sources */,
				A15C208027EA5D47000528B3 /* ButtonView.swift in Sources */,
				A159B36827EBAE0100369947 /* DataRectangleViewPadded.swift in Sources */,
				A1BD467627ED114B00AB7D59 /* Enums.swift in Sources */,
				A159B36427EBAA5500369947 /* TestResult.swift in Sources */,
				A16D4FAD27E26C15004BEDCE /* WordManager.swift in Sources */,
				A1071A7327EE554C00DD124D /* Results.xcdatamodeld in Sources */,
				A1E9E03527E78F8B00CBDD6E /* Extensions.swift in Sources */,
				A1ABE04D27E905000049EC6C /* ScoreManger.swift in Sources */,
				A1071A7827EE5EEC00DD124D /* ResultsViewModel.swift in Sources */,
				A16D4FB327E27D58004BEDCE /* WordViewModel.swift in Sources */,
				A16D4FB027E26C26004BEDCE /* Word.swift in Sources */,
				A126D99627F471B4008DD0A5 /* StatisticViewModel.swift in Sources */,
				A1F1E31E27E7C657005D6144 /* TimerManager.swift in Sources */,
				A1071A7D27EE626400DD124D /* HomeView.swift in Sources */,
				A1071A7627EE55F800DD124D /* PersistanceManager.swift in Sources */,
				A16D4F8127E26BAC004BEDCE /* WordView.swift in Sources */,
				A16D4F7F27E26BAC004BEDCE /* WordsyApp.swift in Sources */,
				A1071A7F27EE6DA200DD124D /* GoBackButtonView.swift in Sources */,
				A159B36627EBAC3400369947 /* ResultsView.swift in Sources */,
				A15C207E27EA5ADC000528B3 /* SettingView.swift in Sources */,
			);
			runOnlyForDeploymentPostprocessing = 0;
		};
		A16D4F8827E26BAE004BEDCE /* Sources */ = {
			isa = PBXSourcesBuildPhase;
			buildActionMask = 2147483647;
			files = (
				A159B36C27EBD62900369947 /* ExtensionsTests.swift in Sources */,
				A1ABE04F27E905BD0049EC6C /* ScoreManagerTests.swift in Sources */,
				A1F1E32027E7C7F6005D6144 /* TimerManagerTests.swift in Sources */,
				A16D4FB627E28044004BEDCE /* WordViewModelTest.swift in Sources */,
				A1F1E31C27E7BE43005D6144 /* WordManagerTest.swift in Sources */,
			);
			runOnlyForDeploymentPostprocessing = 0;
		};
/* End PBXSourcesBuildPhase section */

/* Begin PBXTargetDependency section */
		A16D4F8E27E26BAE004BEDCE /* PBXTargetDependency */ = {
			isa = PBXTargetDependency;
			target = A16D4F7A27E26BAC004BEDCE /* Wordsy */;
			targetProxy = A16D4F8D27E26BAE004BEDCE /* PBXContainerItemProxy */;
		};
/* End PBXTargetDependency section */

/* Begin XCBuildConfiguration section */
		A16D4F9E27E26BAE004BEDCE /* Debug */ = {
			isa = XCBuildConfiguration;
			buildSettings = {
				ALWAYS_SEARCH_USER_PATHS = NO;
				CLANG_ANALYZER_NONNULL = YES;
				CLANG_ANALYZER_NUMBER_OBJECT_CONVERSION = YES_AGGRESSIVE;
				CLANG_CXX_LANGUAGE_STANDARD = "gnu++17";
				CLANG_CXX_LIBRARY = "libc++";
				CLANG_ENABLE_MODULES = YES;
				CLANG_ENABLE_OBJC_ARC = YES;
				CLANG_ENABLE_OBJC_WEAK = YES;
				CLANG_WARN_BLOCK_CAPTURE_AUTORELEASING = YES;
				CLANG_WARN_BOOL_CONVERSION = YES;
				CLANG_WARN_COMMA = YES;
				CLANG_WARN_CONSTANT_CONVERSION = YES;
				CLANG_WARN_DEPRECATED_OBJC_IMPLEMENTATIONS = YES;
				CLANG_WARN_DIRECT_OBJC_ISA_USAGE = YES_ERROR;
				CLANG_WARN_DOCUMENTATION_COMMENTS = YES;
				CLANG_WARN_EMPTY_BODY = YES;
				CLANG_WARN_ENUM_CONVERSION = YES;
				CLANG_WARN_INFINITE_RECURSION = YES;
				CLANG_WARN_INT_CONVERSION = YES;
				CLANG_WARN_NON_LITERAL_NULL_CONVERSION = YES;
				CLANG_WARN_OBJC_IMPLICIT_RETAIN_SELF = YES;
				CLANG_WARN_OBJC_LITERAL_CONVERSION = YES;
				CLANG_WARN_OBJC_ROOT_CLASS = YES_ERROR;
				CLANG_WARN_QUOTED_INCLUDE_IN_FRAMEWORK_HEADER = YES;
				CLANG_WARN_RANGE_LOOP_ANALYSIS = YES;
				CLANG_WARN_STRICT_PROTOTYPES = YES;
				CLANG_WARN_SUSPICIOUS_MOVE = YES;
				CLANG_WARN_UNGUARDED_AVAILABILITY = YES_AGGRESSIVE;
				CLANG_WARN_UNREACHABLE_CODE = YES;
				CLANG_WARN__DUPLICATE_METHOD_MATCH = YES;
				COPY_PHASE_STRIP = NO;
				DEBUG_INFORMATION_FORMAT = dwarf;
				ENABLE_STRICT_OBJC_MSGSEND = YES;
				ENABLE_TESTABILITY = YES;
				GCC_C_LANGUAGE_STANDARD = gnu11;
				GCC_DYNAMIC_NO_PIC = NO;
				GCC_NO_COMMON_BLOCKS = YES;
				GCC_OPTIMIZATION_LEVEL = 0;
				GCC_PREPROCESSOR_DEFINITIONS = (
					"DEBUG=1",
					"$(inherited)",
				);
				GCC_WARN_64_TO_32_BIT_CONVERSION = YES;
				GCC_WARN_ABOUT_RETURN_TYPE = YES_ERROR;
				GCC_WARN_UNDECLARED_SELECTOR = YES;
				GCC_WARN_UNINITIALIZED_AUTOS = YES_AGGRESSIVE;
				GCC_WARN_UNUSED_FUNCTION = YES;
				GCC_WARN_UNUSED_VARIABLE = YES;
				MACOSX_DEPLOYMENT_TARGET = 12.1;
				MTL_ENABLE_DEBUG_INFO = INCLUDE_SOURCE;
				MTL_FAST_MATH = YES;
				ONLY_ACTIVE_ARCH = YES;
				SDKROOT = macosx;
				SWIFT_ACTIVE_COMPILATION_CONDITIONS = DEBUG;
				SWIFT_OPTIMIZATION_LEVEL = "-Onone";
			};
			name = Debug;
		};
		A16D4F9F27E26BAE004BEDCE /* Release */ = {
			isa = XCBuildConfiguration;
			buildSettings = {
				ALWAYS_SEARCH_USER_PATHS = NO;
				CLANG_ANALYZER_NONNULL = YES;
				CLANG_ANALYZER_NUMBER_OBJECT_CONVERSION = YES_AGGRESSIVE;
				CLANG_CXX_LANGUAGE_STANDARD = "gnu++17";
				CLANG_CXX_LIBRARY = "libc++";
				CLANG_ENABLE_MODULES = YES;
				CLANG_ENABLE_OBJC_ARC = YES;
				CLANG_ENABLE_OBJC_WEAK = YES;
				CLANG_WARN_BLOCK_CAPTURE_AUTORELEASING = YES;
				CLANG_WARN_BOOL_CONVERSION = YES;
				CLANG_WARN_COMMA = YES;
				CLANG_WARN_CONSTANT_CONVERSION = YES;
				CLANG_WARN_DEPRECATED_OBJC_IMPLEMENTATIONS = YES;
				CLANG_WARN_DIRECT_OBJC_ISA_USAGE = YES_ERROR;
				CLANG_WARN_DOCUMENTATION_COMMENTS = YES;
				CLANG_WARN_EMPTY_BODY = YES;
				CLANG_WARN_ENUM_CONVERSION = YES;
				CLANG_WARN_INFINITE_RECURSION = YES;
				CLANG_WARN_INT_CONVERSION = YES;
				CLANG_WARN_NON_LITERAL_NULL_CONVERSION = YES;
				CLANG_WARN_OBJC_IMPLICIT_RETAIN_SELF = YES;
				CLANG_WARN_OBJC_LITERAL_CONVERSION = YES;
				CLANG_WARN_OBJC_ROOT_CLASS = YES_ERROR;
				CLANG_WARN_QUOTED_INCLUDE_IN_FRAMEWORK_HEADER = YES;
				CLANG_WARN_RANGE_LOOP_ANALYSIS = YES;
				CLANG_WARN_STRICT_PROTOTYPES = YES;
				CLANG_WARN_SUSPICIOUS_MOVE = YES;
				CLANG_WARN_UNGUARDED_AVAILABILITY = YES_AGGRESSIVE;
				CLANG_WARN_UNREACHABLE_CODE = YES;
				CLANG_WARN__DUPLICATE_METHOD_MATCH = YES;
				COPY_PHASE_STRIP = NO;
				DEBUG_INFORMATION_FORMAT = "dwarf-with-dsym";
				ENABLE_NS_ASSERTIONS = NO;
				ENABLE_STRICT_OBJC_MSGSEND = YES;
				GCC_C_LANGUAGE_STANDARD = gnu11;
				GCC_NO_COMMON_BLOCKS = YES;
				GCC_WARN_64_TO_32_BIT_CONVERSION = YES;
				GCC_WARN_ABOUT_RETURN_TYPE = YES_ERROR;
				GCC_WARN_UNDECLARED_SELECTOR = YES;
				GCC_WARN_UNINITIALIZED_AUTOS = YES_AGGRESSIVE;
				GCC_WARN_UNUSED_FUNCTION = YES;
				GCC_WARN_UNUSED_VARIABLE = YES;
				MACOSX_DEPLOYMENT_TARGET = 12.1;
				MTL_ENABLE_DEBUG_INFO = NO;
				MTL_FAST_MATH = YES;
				SDKROOT = macosx;
				SWIFT_COMPILATION_MODE = wholemodule;
				SWIFT_OPTIMIZATION_LEVEL = "-O";
			};
			name = Release;
		};
		A16D4FA127E26BAE004BEDCE /* Debug */ = {
			isa = XCBuildConfiguration;
			buildSettings = {
				ASSETCATALOG_COMPILER_APPICON_NAME = AppIcon;
				ASSETCATALOG_COMPILER_GLOBAL_ACCENT_COLOR_NAME = AccentColor;
				CODE_SIGN_ENTITLEMENTS = Wordsy/Wordsy.entitlements;
				CODE_SIGN_IDENTITY = "Apple Development";
				CODE_SIGN_STYLE = Automatic;
				COMBINE_HIDPI_IMAGES = YES;
				CURRENT_PROJECT_VERSION = 1;
				DEVELOPMENT_ASSET_PATHS = "\"Wordsy/Preview Content\"";
				DEVELOPMENT_TEAM = 7F47MKWBPJ;
				ENABLE_HARDENED_RUNTIME = YES;
				ENABLE_PREVIEWS = YES;
				GENERATE_INFOPLIST_FILE = YES;
				INFOPLIST_KEY_NSHumanReadableCopyright = "";
				LD_RUNPATH_SEARCH_PATHS = (
					"$(inherited)",
					"@executable_path/../Frameworks",
				);
				MARKETING_VERSION = 1.0;
				PRODUCT_BUNDLE_IDENTIFIER = federicoimberti.Wordsy;
				PRODUCT_NAME = "$(TARGET_NAME)";
				SWIFT_EMIT_LOC_STRINGS = YES;
				SWIFT_VERSION = 5.0;
			};
			name = Debug;
		};
		A16D4FA227E26BAE004BEDCE /* Release */ = {
			isa = XCBuildConfiguration;
			buildSettings = {
				ASSETCATALOG_COMPILER_APPICON_NAME = AppIcon;
				ASSETCATALOG_COMPILER_GLOBAL_ACCENT_COLOR_NAME = AccentColor;
				CODE_SIGN_ENTITLEMENTS = Wordsy/Wordsy.entitlements;
				CODE_SIGN_IDENTITY = "Apple Development";
				CODE_SIGN_STYLE = Automatic;
				COMBINE_HIDPI_IMAGES = YES;
				CURRENT_PROJECT_VERSION = 1;
				DEVELOPMENT_ASSET_PATHS = "\"Wordsy/Preview Content\"";
				DEVELOPMENT_TEAM = 7F47MKWBPJ;
				ENABLE_HARDENED_RUNTIME = YES;
				ENABLE_PREVIEWS = YES;
				GENERATE_INFOPLIST_FILE = YES;
				INFOPLIST_KEY_NSHumanReadableCopyright = "";
				LD_RUNPATH_SEARCH_PATHS = (
					"$(inherited)",
					"@executable_path/../Frameworks",
				);
				MARKETING_VERSION = 1.0;
				PRODUCT_BUNDLE_IDENTIFIER = federicoimberti.Wordsy;
				PRODUCT_NAME = "$(TARGET_NAME)";
				SWIFT_EMIT_LOC_STRINGS = YES;
				SWIFT_VERSION = 5.0;
			};
			name = Release;
		};
		A16D4FA427E26BAE004BEDCE /* Debug */ = {
			isa = XCBuildConfiguration;
			buildSettings = {
				ALWAYS_EMBED_SWIFT_STANDARD_LIBRARIES = YES;
				BUNDLE_LOADER = "$(TEST_HOST)";
				CODE_SIGN_IDENTITY = "Apple Development";
				CODE_SIGN_STYLE = Automatic;
				CURRENT_PROJECT_VERSION = 1;
				DEVELOPMENT_TEAM = 7F47MKWBPJ;
				GENERATE_INFOPLIST_FILE = YES;
				MACOSX_DEPLOYMENT_TARGET = 12.1;
				MARKETING_VERSION = 1.0;
				PRODUCT_BUNDLE_IDENTIFIER = federicoimberti.WordsyTests;
				PRODUCT_NAME = "$(TARGET_NAME)";
				SWIFT_EMIT_LOC_STRINGS = NO;
				SWIFT_VERSION = 5.0;
				TEST_HOST = "$(BUILT_PRODUCTS_DIR)/Wordsy.app/Contents/MacOS/Wordsy";
			};
			name = Debug;
		};
		A16D4FA527E26BAE004BEDCE /* Release */ = {
			isa = XCBuildConfiguration;
			buildSettings = {
				ALWAYS_EMBED_SWIFT_STANDARD_LIBRARIES = YES;
				BUNDLE_LOADER = "$(TEST_HOST)";
				CODE_SIGN_IDENTITY = "Apple Development";
				CODE_SIGN_STYLE = Automatic;
				CURRENT_PROJECT_VERSION = 1;
				DEVELOPMENT_TEAM = 7F47MKWBPJ;
				GENERATE_INFOPLIST_FILE = YES;
				MACOSX_DEPLOYMENT_TARGET = 12.1;
				MARKETING_VERSION = 1.0;
				PRODUCT_BUNDLE_IDENTIFIER = federicoimberti.WordsyTests;
				PRODUCT_NAME = "$(TARGET_NAME)";
				SWIFT_EMIT_LOC_STRINGS = NO;
				SWIFT_VERSION = 5.0;
				TEST_HOST = "$(BUILT_PRODUCTS_DIR)/Wordsy.app/Contents/MacOS/Wordsy";
			};
			name = Release;
		};
/* End XCBuildConfiguration section */

/* Begin XCConfigurationList section */
		A16D4F7627E26BAC004BEDCE /* Build configuration list for PBXProject "Wordsy" */ = {
			isa = XCConfigurationList;
			buildConfigurations = (
				A16D4F9E27E26BAE004BEDCE /* Debug */,
				A16D4F9F27E26BAE004BEDCE /* Release */,
			);
			defaultConfigurationIsVisible = 0;
			defaultConfigurationName = Release;
		};
		A16D4FA027E26BAE004BEDCE /* Build configuration list for PBXNativeTarget "Wordsy" */ = {
			isa = XCConfigurationList;
			buildConfigurations = (
				A16D4FA127E26BAE004BEDCE /* Debug */,
				A16D4FA227E26BAE004BEDCE /* Release */,
			);
			defaultConfigurationIsVisible = 0;
			defaultConfigurationName = Release;
		};
		A16D4FA327E26BAE004BEDCE /* Build configuration list for PBXNativeTarget "WordsyTests" */ = {
			isa = XCConfigurationList;
			buildConfigurations = (
				A16D4FA427E26BAE004BEDCE /* Debug */,
				A16D4FA527E26BAE004BEDCE /* Release */,
			);
			defaultConfigurationIsVisible = 0;
			defaultConfigurationName = Release;
		};
/* End XCConfigurationList section */

/* Begin XCVersionGroup section */
		A1071A7127EE554C00DD124D /* Results.xcdatamodeld */ = {
			isa = XCVersionGroup;
			children = (
				A1071A7227EE554C00DD124D /* Results.xcdatamodel */,
			);
			currentVersion = A1071A7227EE554C00DD124D /* Results.xcdatamodel */;
			path = Results.xcdatamodeld;
			sourceTree = "<group>";
			versionGroupType = wrapper.xcdatamodel;
		};
/* End XCVersionGroup section */
	};
	rootObject = A16D4F7327E26BAC004BEDCE /* Project object */;
}
